
Microsoft Visual Studio Solution File, Format Version 12.00
# Visual Studio Version 17
VisualStudioVersion = 17.2.32526.322
MinimumVisualStudioVersion = 10.0.40219.1
Project("{FAE04EC0-301F-11D3-BF4B-00C04F79EFBC}") = "KVEng.SecurityEndPoint.Library", "KVEng.SecurityEndPoint.Library\KVEng.SecurityEndPoint.Library.csproj", "{552E6C6E-51AE-43B3-A661-A2C318EC421A}"
EndProject
Project("{FAE04EC0-301F-11D3-BF4B-00C04F79EFBC}") = "KVEng.SecurityEndPoint.ConsoleApp", "KVEng.SecurityEndPoint.ConsoleApp\KVEng.SecurityEndPoint.ConsoleApp.csproj", "{2AA8DF11-A86C-4D4A-8107-16DC6D9E21A4}"
EndProject
Project("{FAE04EC0-301F-11D3-BF4B-00C04F79EFBC}") = "KVEng.SecurityEndPoint.WpfClient", "KVEng.SecurityEndPoint.WpfClient\KVEng.SecurityEndPoint.WpfClient.csproj", "{D65E00F2-1AFE-43C7-A421-986A4B8E1C0E}"
EndProject
Global
	GlobalSection(SolutionConfigurationPlatforms) = preSolution
		Debug|Any CPU = Debug|Any CPU
		Release|Any CPU = Release|Any CPU
	EndGlobalSection
	GlobalSection(ProjectConfigurationPlatforms) = postSolution
		{552E6C6E-51AE-43B3-A661-A2C318EC421A}.Debug|Any CPU.ActiveCfg = Debug|Any CPU
		{552E6C6E-51AE-43B3-A661-A2C318EC421A}.Debug|Any CPU.Build.0 = Debug|Any CPU
		{552E6C6E-51AE-43B3-A661-A2C318EC421A}.Release|Any CPU.ActiveCfg = Release|Any CPU
		{552E6C6E-51AE-43B3-A661-A2C318EC421A}.Release|Any CPU.Build.0 = Release|Any CPU
		{2AA8DF11-A86C-4D4A-8107-16DC6D9E21A4}.Debug|Any CPU.ActiveCfg = Debug|Any CPU
		{2AA8DF11-A86C-4D4A-8107-16DC6D9E21A4}.Debug|Any CPU.Build.0 = Debug|Any CPU
		{2AA8DF11-A86C-4D4A-8107-16DC6D9E21A4}.Release|Any CPU.ActiveCfg = Release|Any CPU
		{2AA8DF11-A86C-4D4A-8107-16DC6D9E21A4}.Release|Any CPU.Build.0 = Release|Any CPU
		{D65E00F2-1AFE-43C7-A421-986A4B8E1C0E}.Debug|Any CPU.ActiveCfg = Debug|Any CPU
		{D65E00F2-1AFE-43C7-A421-986A4B8E1C0E}.Debug|Any CPU.Build.0 = Debug|Any CPU
		{D65E00F2-1AFE-43C7-A421-986A4B8E1C0E}.Release|Any CPU.ActiveCfg = Release|Any CPU
		{D65E00F2-1AFE-43C7-A421-986A4B8E1C0E}.Release|Any CPU.Build.0 = Release|Any CPU
	EndGlobalSection
	GlobalSection(SolutionProperties) = preSolution
		HideSolutionNode = FALSE
	EndGlobalSection
	GlobalSection(ExtensibilityGlobals) = postSolution
		SolutionGuid = {5FDF4ABB-DFBC-4F17-B0E4-9DBCF9C7B396}
	EndGlobalSection
EndGlobal
